
Microsoft Visual Studio Solution File, Format Version 12.00
# Visual Studio Version 17
VisualStudioVersion = 17.14.37012.4 d17.14
MinimumVisualStudioVersion = 10.0.40219.1
Project("{FAE04EC0-301F-11D3-BF4B-00C04F79EFBC}") = "GymSystemPL", "GymSystemPL\GymSystemPL.csproj", "{6074E4E2-1382-4CAA-9424-1392699C9311}"
EndProject
Project("{FAE04EC0-301F-11D3-BF4B-00C04F79EFBC}") = "GymSystemDAL", "GymSystemDAL\GymSystemDAL.csproj", "{6AE7C62C-A400-4891-AC7C-2B223735BD6E}"
EndProject
Project("{FAE04EC0-301F-11D3-BF4B-00C04F79EFBC}") = "GymSystemBLL", "GymSystemBLL\GymSystemBLL.csproj", "{2014C2C0-CD8A-47E2-9AB3-8E6A6B197B9D}"
EndProject
Global
	GlobalSection(SolutionConfigurationPlatforms) = preSolution
		Debug|Any CPU = Debug|Any CPU
		Release|Any CPU = Release|Any CPU
	EndGlobalSection
	GlobalSection(ProjectConfigurationPlatforms) = postSolution
		{6074E4E2-1382-4CAA-9424-1392699C9311}.Debug|Any CPU.ActiveCfg = Debug|Any CPU
		{6074E4E2-1382-4CAA-9424-1392699C9311}.Debug|Any CPU.Build.0 = Debug|Any CPU
		{6074E4E2-1382-4CAA-9424-1392699C9311}.Release|Any CPU.ActiveCfg = Release|Any CPU
		{6074E4E2-1382-4CAA-9424-1392699C9311}.Release|Any CPU.Build.0 = Release|Any CPU
		{6AE7C62C-A400-4891-AC7C-2B223735BD6E}.Debug|Any CPU.ActiveCfg = Debug|Any CPU
		{6AE7C62C-A400-4891-AC7C-2B223735BD6E}.Debug|Any CPU.Build.0 = Debug|Any CPU
		{6AE7C62C-A400-4891-AC7C-2B223735BD6E}.Release|Any CPU.ActiveCfg = Release|Any CPU
		{6AE7C62C-A400-4891-AC7C-2B223735BD6E}.Release|Any CPU.Build.0 = Release|Any CPU
		{2014C2C0-CD8A-47E2-9AB3-8E6A6B197B9D}.Debug|Any CPU.ActiveCfg = Debug|Any CPU
		{2014C2C0-CD8A-47E2-9AB3-8E6A6B197B9D}.Debug|Any CPU.Build.0 = Debug|Any CPU
		{2014C2C0-CD8A-47E2-9AB3-8E6A6B197B9D}.Release|Any CPU.ActiveCfg = Release|Any CPU
		{2014C2C0-CD8A-47E2-9AB3-8E6A6B197B9D}.Release|Any CPU.Build.0 = Release|Any CPU
	EndGlobalSection
	GlobalSection(SolutionProperties) = preSolution
		HideSolutionNode = FALSE
	EndGlobalSection
	GlobalSection(ExtensibilityGlobals) = postSolution
		SolutionGuid = {5AAA084F-F55D-4202-A801-017BE0DB5C91}
	EndGlobalSection
EndGlobal
